// !$*UTF8*$!
{
	archiveVersion = 1;
	classes = {
	};
	objectVersion = 56;
	objects = {

/* Begin PBXBuildFile section */
		343F1D892A38F3FE002750EB /* CoinRowView.swift in Sources */ = {isa = PBXBuildFile; fileRef = 343F1D882A38F3FE002750EB /* CoinRowView.swift */; };
		343F1D8B2A38F483002750EB /* PreviewProvider.swift in Sources */ = {isa = PBXBuildFile; fileRef = 343F1D8A2A38F483002750EB /* PreviewProvider.swift */; };
		346FBFA52A2FAAAD0065DBF9 /* CircleButtonAnimationView.swift in Sources */ = {isa = PBXBuildFile; fileRef = 346FBFA42A2FAAAD0065DBF9 /* CircleButtonAnimationView.swift */; };
		34A334172A373BE1009C6122 /* CoinModel.swift in Sources */ = {isa = PBXBuildFile; fileRef = 34A334162A373BE1009C6122 /* CoinModel.swift */; };
		34AFDACD2A2F5860000E8FA7 /* CryptoWalletApp.swift in Sources */ = {isa = PBXBuildFile; fileRef = 34AFDACC2A2F5860000E8FA7 /* CryptoWalletApp.swift */; };
		34AFDACF2A2F5860000E8FA7 /* ContentView.swift in Sources */ = {isa = PBXBuildFile; fileRef = 34AFDACE2A2F5860000E8FA7 /* ContentView.swift */; };
		34AFDAD12A2F5863000E8FA7 /* Assets.xcassets in Resources */ = {isa = PBXBuildFile; fileRef = 34AFDAD02A2F5863000E8FA7 /* Assets.xcassets */; };
		34AFDAD42A2F5863000E8FA7 /* Preview Assets.xcassets in Resources */ = {isa = PBXBuildFile; fileRef = 34AFDAD32A2F5863000E8FA7 /* Preview Assets.xcassets */; };
		34AFDADC2A2F64C0000E8FA7 /* Color.swift in Sources */ = {isa = PBXBuildFile; fileRef = 34AFDADB2A2F64C0000E8FA7 /* Color.swift */; };
		34AFDAE22A2FA019000E8FA7 /* HomeView.swift in Sources */ = {isa = PBXBuildFile; fileRef = 34AFDAE12A2FA019000E8FA7 /* HomeView.swift */; };
		34AFDAE62A2FA3B6000E8FA7 /* CircleButtonView.swift in Sources */ = {isa = PBXBuildFile; fileRef = 34AFDAE52A2FA3B6000E8FA7 /* CircleButtonView.swift */; };
/* End PBXBuildFile section */

/* Begin PBXFileReference section */
		343F1D882A38F3FE002750EB /* CoinRowView.swift */ = {isa = PBXFileReference; lastKnownFileType = sourcecode.swift; path = CoinRowView.swift; sourceTree = "<group>"; };
		343F1D8A2A38F483002750EB /* PreviewProvider.swift */ = {isa = PBXFileReference; lastKnownFileType = sourcecode.swift; path = PreviewProvider.swift; sourceTree = "<group>"; };
		346FBFA42A2FAAAD0065DBF9 /* CircleButtonAnimationView.swift */ = {isa = PBXFileReference; lastKnownFileType = sourcecode.swift; path = CircleButtonAnimationView.swift; sourceTree = "<group>"; };
		34A334162A373BE1009C6122 /* CoinModel.swift */ = {isa = PBXFileReference; lastKnownFileType = sourcecode.swift; path = CoinModel.swift; sourceTree = "<group>"; };
		34AFDAC92A2F5860000E8FA7 /* CryptoWallet.app */ = {isa = PBXFileReference; explicitFileType = wrapper.application; includeInIndex = 0; path = CryptoWallet.app; sourceTree = BUILT_PRODUCTS_DIR; };
		34AFDACC2A2F5860000E8FA7 /* CryptoWalletApp.swift */ = {isa = PBXFileReference; lastKnownFileType = sourcecode.swift; path = CryptoWalletApp.swift; sourceTree = "<group>"; };
		34AFDACE2A2F5860000E8FA7 /* ContentView.swift */ = {isa = PBXFileReference; lastKnownFileType = sourcecode.swift; path = ContentView.swift; sourceTree = "<group>"; };
		34AFDAD02A2F5863000E8FA7 /* Assets.xcassets */ = {isa = PBXFileReference; lastKnownFileType = folder.assetcatalog; path = Assets.xcassets; sourceTree = "<group>"; };
		34AFDAD32A2F5863000E8FA7 /* Preview Assets.xcassets */ = {isa = PBXFileReference; lastKnownFileType = folder.assetcatalog; path = "Preview Assets.xcassets"; sourceTree = "<group>"; };
		34AFDADB2A2F64C0000E8FA7 /* Color.swift */ = {isa = PBXFileReference; lastKnownFileType = sourcecode.swift; path = Color.swift; sourceTree = "<group>"; };
		34AFDAE12A2FA019000E8FA7 /* HomeView.swift */ = {isa = PBXFileReference; lastKnownFileType = sourcecode.swift; path = HomeView.swift; sourceTree = "<group>"; };
		34AFDAE52A2FA3B6000E8FA7 /* CircleButtonView.swift */ = {isa = PBXFileReference; lastKnownFileType = sourcecode.swift; path = CircleButtonView.swift; sourceTree = "<group>"; };
/* End PBXFileReference section */

/* Begin PBXFrameworksBuildPhase section */
		34AFDAC62A2F5860000E8FA7 /* Frameworks */ = {
			isa = PBXFrameworksBuildPhase;
			buildActionMask = 2147483647;
			files = (
			);
			runOnlyForDeploymentPostprocessing = 0;
		};
/* End PBXFrameworksBuildPhase section */

/* Begin PBXGroup section */
		34A334152A373BA9009C6122 /* Models */ = {
			isa = PBXGroup;
			children = (
				34A334162A373BE1009C6122 /* CoinModel.swift */,
			);
			path = Models;
			sourceTree = "<group>";
		};
		34AFDAC02A2F5860000E8FA7 = {
			isa = PBXGroup;
			children = (
				34AFDACB2A2F5860000E8FA7 /* CryptoWallet */,
				34AFDACA2A2F5860000E8FA7 /* Products */,
			);
			sourceTree = "<group>";
		};
		34AFDACA2A2F5860000E8FA7 /* Products */ = {
			isa = PBXGroup;
			children = (
				34AFDAC92A2F5860000E8FA7 /* CryptoWallet.app */,
			);
			name = Products;
			sourceTree = "<group>";
		};
		34AFDACB2A2F5860000E8FA7 /* CryptoWallet */ = {
			isa = PBXGroup;
			children = (
				34AFDADD2A2F9FCF000E8FA7 /* Core */,
				34AFDADA2A2F649F000E8FA7 /* Extensions */,
				34A334152A373BA9009C6122 /* Models */,
				34AFDACC2A2F5860000E8FA7 /* CryptoWalletApp.swift */,
				34AFDACE2A2F5860000E8FA7 /* ContentView.swift */,
				34AFDAD02A2F5863000E8FA7 /* Assets.xcassets */,
				34AFDAD22A2F5863000E8FA7 /* Preview Content */,
			);
			path = CryptoWallet;
			sourceTree = "<group>";
		};
		34AFDAD22A2F5863000E8FA7 /* Preview Content */ = {
			isa = PBXGroup;
			children = (
				34AFDAD32A2F5863000E8FA7 /* Preview Assets.xcassets */,
			);
			path = "Preview Content";
			sourceTree = "<group>";
		};
		34AFDADA2A2F649F000E8FA7 /* Extensions */ = {
			isa = PBXGroup;
			children = (
				34AFDADB2A2F64C0000E8FA7 /* Color.swift */,
				343F1D8A2A38F483002750EB /* PreviewProvider.swift */,
			);
			path = Extensions;
			sourceTree = "<group>";
		};
		34AFDADD2A2F9FCF000E8FA7 /* Core */ = {
			isa = PBXGroup;
			children = (
				34AFDAE32A2FA326000E8FA7 /* Components */,
				34AFDADE2A2F9FDC000E8FA7 /* Home */,
			);
			path = Core;
			sourceTree = "<group>";
		};
		34AFDADE2A2F9FDC000E8FA7 /* Home */ = {
			isa = PBXGroup;
			children = (
				34AFDADF2A2F9FEF000E8FA7 /* ViewModels */,
				34AFDAE02A2F9FFB000E8FA7 /* Views */,
			);
			path = Home;
			sourceTree = "<group>";
		};
		34AFDADF2A2F9FEF000E8FA7 /* ViewModels */ = {
			isa = PBXGroup;
			children = (
			);
			path = ViewModels;
			sourceTree = "<group>";
		};
		34AFDAE02A2F9FFB000E8FA7 /* Views */ = {
			isa = PBXGroup;
			children = (
				34AFDAE12A2FA019000E8FA7 /* HomeView.swift */,
				343F1D882A38F3FE002750EB /* CoinRowView.swift */,
			);
			path = Views;
			sourceTree = "<group>";
		};
		34AFDAE32A2FA326000E8FA7 /* Components */ = {
			isa = PBXGroup;
			children = (
				34AFDAE42A2FA39F000E8FA7 /* CircleButton */,
			);
			path = Components;
			sourceTree = "<group>";
		};
		34AFDAE42A2FA39F000E8FA7 /* CircleButton */ = {
			isa = PBXGroup;
			children = (
				34AFDAE52A2FA3B6000E8FA7 /* CircleButtonView.swift */,
				346FBFA42A2FAAAD0065DBF9 /* CircleButtonAnimationView.swift */,
			);
			path = CircleButton;
			sourceTree = "<group>";
		};
/* End PBXGroup section */

/* Begin PBXNativeTarget section */
		34AFDAC82A2F5860000E8FA7 /* CryptoWallet */ = {
			isa = PBXNativeTarget;
			buildConfigurationList = 34AFDAD72A2F5863000E8FA7 /* Build configuration list for PBXNativeTarget "CryptoWallet" */;
			buildPhases = (
				34AFDAC52A2F5860000E8FA7 /* Sources */,
				34AFDAC62A2F5860000E8FA7 /* Frameworks */,
				34AFDAC72A2F5860000E8FA7 /* Resources */,
			);
			buildRules = (
			);
			dependencies = (
			);
			name = CryptoWallet;
			productName = CryptoWallet;
			productReference = 34AFDAC92A2F5860000E8FA7 /* CryptoWallet.app */;
			productType = "com.apple.product-type.application";
		};
/* End PBXNativeTarget section */

/* Begin PBXProject section */
		34AFDAC12A2F5860000E8FA7 /* Project object */ = {
			isa = PBXProject;
			attributes = {
				BuildIndependentTargetsInParallel = 1;
				LastSwiftUpdateCheck = 1420;
				LastUpgradeCheck = 1420;
				TargetAttributes = {
					34AFDAC82A2F5860000E8FA7 = {
						CreatedOnToolsVersion = 14.2;
					};
				};
			};
			buildConfigurationList = 34AFDAC42A2F5860000E8FA7 /* Build configuration list for PBXProject "CryptoWallet" */;
			compatibilityVersion = "Xcode 14.0";
			developmentRegion = en;
			hasScannedForEncodings = 0;
			knownRegions = (
				en,
				Base,
			);
			mainGroup = 34AFDAC02A2F5860000E8FA7;
			productRefGroup = 34AFDACA2A2F5860000E8FA7 /* Products */;
			projectDirPath = "";
			projectRoot = "";
			targets = (
				34AFDAC82A2F5860000E8FA7 /* CryptoWallet */,
			);
		};
/* End PBXProject section */

/* Begin PBXResourcesBuildPhase section */
		34AFDAC72A2F5860000E8FA7 /* Resources */ = {
			isa = PBXResourcesBuildPhase;
			buildActionMask = 2147483647;
			files = (
				34AFDAD42A2F5863000E8FA7 /* Preview Assets.xcassets in Resources */,
				34AFDAD12A2F5863000E8FA7 /* Assets.xcassets in Resources */,
			);
			runOnlyForDeploymentPostprocessing = 0;
		};
/* End PBXResourcesBuildPhase section */

/* Begin PBXSourcesBuildPhase section */
		34AFDAC52A2F5860000E8FA7 /* Sources */ = {
			isa = PBXSourcesBuildPhase;
			buildActionMask = 2147483647;
			files = (
				343F1D892A38F3FE002750EB /* CoinRowView.swift in Sources */,
				34AFDACF2A2F5860000E8FA7 /* ContentView.swift in Sources */,
				34AFDAE22A2FA019000E8FA7 /* HomeView.swift in Sources */,
				34AFDACD2A2F5860000E8FA7 /* CryptoWalletApp.swift in Sources */,
				34AFDAE62A2FA3B6000E8FA7 /* CircleButtonView.swift in Sources */,
				34AFDADC2A2F64C0000E8FA7 /* Color.swift in Sources */,
				346FBFA52A2FAAAD0065DBF9 /* CircleButtonAnimationView.swift in Sources */,
				343F1D8B2A38F483002750EB /* PreviewProvider.swift in Sources */,
				34A334172A373BE1009C6122 /* CoinModel.swift in Sources */,
			);
			runOnlyForDeploymentPostprocessing = 0;
		};
/* End PBXSourcesBuildPhase section */

/* Begin XCBuildConfiguration section */
		34AFDAD52A2F5863000E8FA7 /* Debug */ = {
			isa = XCBuildConfiguration;
			buildSettings = {
				ALWAYS_SEARCH_USER_PATHS = NO;
				CLANG_ANALYZER_NONNULL = YES;
				CLANG_ANALYZER_NUMBER_OBJECT_CONVERSION = YES_AGGRESSIVE;
				CLANG_CXX_LANGUAGE_STANDARD = "gnu++20";
				CLANG_ENABLE_MODULES = YES;
				CLANG_ENABLE_OBJC_ARC = YES;
				CLANG_ENABLE_OBJC_WEAK = YES;
				CLANG_WARN_BLOCK_CAPTURE_AUTORELEASING = YES;
				CLANG_WARN_BOOL_CONVERSION = YES;
				CLANG_WARN_COMMA = YES;
				CLANG_WARN_CONSTANT_CONVERSION = YES;
				CLANG_WARN_DEPRECATED_OBJC_IMPLEMENTATIONS = YES;
				CLANG_WARN_DIRECT_OBJC_ISA_USAGE = YES_ERROR;
				CLANG_WARN_DOCUMENTATION_COMMENTS = YES;
				CLANG_WARN_EMPTY_BODY = YES;
				CLANG_WARN_ENUM_CONVERSION = YES;
				CLANG_WARN_INFINITE_RECURSION = YES;
				CLANG_WARN_INT_CONVERSION = YES;
				CLANG_WARN_NON_LITERAL_NULL_CONVERSION = YES;
				CLANG_WARN_OBJC_IMPLICIT_RETAIN_SELF = YES;
				CLANG_WARN_OBJC_LITERAL_CONVERSION = YES;
				CLANG_WARN_OBJC_ROOT_CLASS = YES_ERROR;
				CLANG_WARN_QUOTED_INCLUDE_IN_FRAMEWORK_HEADER = YES;
				CLANG_WARN_RANGE_LOOP_ANALYSIS = YES;
				CLANG_WARN_STRICT_PROTOTYPES = YES;
				CLANG_WARN_SUSPICIOUS_MOVE = YES;
				CLANG_WARN_UNGUARDED_AVAILABILITY = YES_AGGRESSIVE;
				CLANG_WARN_UNREACHABLE_CODE = YES;
				CLANG_WARN__DUPLICATE_METHOD_MATCH = YES;
				COPY_PHASE_STRIP = NO;
				DEBUG_INFORMATION_FORMAT = dwarf;
				ENABLE_STRICT_OBJC_MSGSEND = YES;
				ENABLE_TESTABILITY = YES;
				GCC_C_LANGUAGE_STANDARD = gnu11;
				GCC_DYNAMIC_NO_PIC = NO;
				GCC_NO_COMMON_BLOCKS = YES;
				GCC_OPTIMIZATION_LEVEL = 0;
				GCC_PREPROCESSOR_DEFINITIONS = (
					"DEBUG=1",
					"$(inherited)",
				);
				GCC_WARN_64_TO_32_BIT_CONVERSION = YES;
				GCC_WARN_ABOUT_RETURN_TYPE = YES_ERROR;
				GCC_WARN_UNDECLARED_SELECTOR = YES;
				GCC_WARN_UNINITIALIZED_AUTOS = YES_AGGRESSIVE;
				GCC_WARN_UNUSED_FUNCTION = YES;
				GCC_WARN_UNUSED_VARIABLE = YES;
				IPHONEOS_DEPLOYMENT_TARGET = 16.2;
				MTL_ENABLE_DEBUG_INFO = INCLUDE_SOURCE;
				MTL_FAST_MATH = YES;
				ONLY_ACTIVE_ARCH = YES;
				SDKROOT = iphoneos;
				SWIFT_ACTIVE_COMPILATION_CONDITIONS = DEBUG;
				SWIFT_OPTIMIZATION_LEVEL = "-Onone";
			};
			name = Debug;
		};
		34AFDAD62A2F5863000E8FA7 /* Release */ = {
			isa = XCBuildConfiguration;
			buildSettings = {
				ALWAYS_SEARCH_USER_PATHS = NO;
				CLANG_ANALYZER_NONNULL = YES;
				CLANG_ANALYZER_NUMBER_OBJECT_CONVERSION = YES_AGGRESSIVE;
				CLANG_CXX_LANGUAGE_STANDARD = "gnu++20";
				CLANG_ENABLE_MODULES = YES;
				CLANG_ENABLE_OBJC_ARC = YES;
				CLANG_ENABLE_OBJC_WEAK = YES;
				CLANG_WARN_BLOCK_CAPTURE_AUTORELEASING = YES;
				CLANG_WARN_BOOL_CONVERSION = YES;
				CLANG_WARN_COMMA = YES;
				CLANG_WARN_CONSTANT_CONVERSION = YES;
				CLANG_WARN_DEPRECATED_OBJC_IMPLEMENTATIONS = YES;
				CLANG_WARN_DIRECT_OBJC_ISA_USAGE = YES_ERROR;
				CLANG_WARN_DOCUMENTATION_COMMENTS = YES;
				CLANG_WARN_EMPTY_BODY = YES;
				CLANG_WARN_ENUM_CONVERSION = YES;
				CLANG_WARN_INFINITE_RECURSION = YES;
				CLANG_WARN_INT_CONVERSION = YES;
				CLANG_WARN_NON_LITERAL_NULL_CONVERSION = YES;
				CLANG_WARN_OBJC_IMPLICIT_RETAIN_SELF = YES;
				CLANG_WARN_OBJC_LITERAL_CONVERSION = YES;
				CLANG_WARN_OBJC_ROOT_CLASS = YES_ERROR;
				CLANG_WARN_QUOTED_INCLUDE_IN_FRAMEWORK_HEADER = YES;
				CLANG_WARN_RANGE_LOOP_ANALYSIS = YES;
				CLANG_WARN_STRICT_PROTOTYPES = YES;
				CLANG_WARN_SUSPICIOUS_MOVE = YES;
				CLANG_WARN_UNGUARDED_AVAILABILITY = YES_AGGRESSIVE;
				CLANG_WARN_UNREACHABLE_CODE = YES;
				CLANG_WARN__DUPLICATE_METHOD_MATCH = YES;
				COPY_PHASE_STRIP = NO;
				DEBUG_INFORMATION_FORMAT = "dwarf-with-dsym";
				ENABLE_NS_ASSERTIONS = NO;
				ENABLE_STRICT_OBJC_MSGSEND = YES;
				GCC_C_LANGUAGE_STANDARD = gnu11;
				GCC_NO_COMMON_BLOCKS = YES;
				GCC_WARN_64_TO_32_BIT_CONVERSION = YES;
				GCC_WARN_ABOUT_RETURN_TYPE = YES_ERROR;
				GCC_WARN_UNDECLARED_SELECTOR = YES;
				GCC_WARN_UNINITIALIZED_AUTOS = YES_AGGRESSIVE;
				GCC_WARN_UNUSED_FUNCTION = YES;
				GCC_WARN_UNUSED_VARIABLE = YES;
				IPHONEOS_DEPLOYMENT_TARGET = 16.2;
				MTL_ENABLE_DEBUG_INFO = NO;
				MTL_FAST_MATH = YES;
				SDKROOT = iphoneos;
				SWIFT_COMPILATION_MODE = wholemodule;
				SWIFT_OPTIMIZATION_LEVEL = "-O";
				VALIDATE_PRODUCT = YES;
			};
			name = Release;
		};
		34AFDAD82A2F5863000E8FA7 /* Debug */ = {
			isa = XCBuildConfiguration;
			buildSettings = {
				ASSETCATALOG_COMPILER_APPICON_NAME = AppIcon;
				ASSETCATALOG_COMPILER_GLOBAL_ACCENT_COLOR_NAME = AccentColor;
				CODE_SIGN_STYLE = Automatic;
				CURRENT_PROJECT_VERSION = 1;
				DEVELOPMENT_ASSET_PATHS = "\"CryptoWallet/Preview Content\"";
				ENABLE_PREVIEWS = YES;
				GENERATE_INFOPLIST_FILE = YES;
				INFOPLIST_KEY_UIApplicationSceneManifest_Generation = YES;
				INFOPLIST_KEY_UIApplicationSupportsIndirectInputEvents = YES;
				INFOPLIST_KEY_UILaunchScreen_Generation = YES;
				INFOPLIST_KEY_UISupportedInterfaceOrientations_iPad = "UIInterfaceOrientationPortrait UIInterfaceOrientationPortraitUpsideDown UIInterfaceOrientationLandscapeLeft UIInterfaceOrientationLandscapeRight";
				INFOPLIST_KEY_UISupportedInterfaceOrientations_iPhone = "UIInterfaceOrientationPortrait UIInterfaceOrientationLandscapeLeft UIInterfaceOrientationLandscapeRight";
				LD_RUNPATH_SEARCH_PATHS = (
					"$(inherited)",
					"@executable_path/Frameworks",
				);
				MARKETING_VERSION = 1.0;
				PRODUCT_BUNDLE_IDENTIFIER = com.williambrand.CryptoWallet;
				PRODUCT_NAME = "$(TARGET_NAME)";
				SWIFT_EMIT_LOC_STRINGS = YES;
				SWIFT_VERSION = 5.0;
				TARGETED_DEVICE_FAMILY = "1,2";
			};
			name = Debug;
		};
		34AFDAD92A2F5863000E8FA7 /* Release */ = {
			isa = XCBuildConfiguration;
			buildSettings = {
				ASSETCATALOG_COMPILER_APPICON_NAME = AppIcon;
				ASSETCATALOG_COMPILER_GLOBAL_ACCENT_COLOR_NAME = AccentColor;
				CODE_SIGN_STYLE = Automatic;
				CURRENT_PROJECT_VERSION = 1;
				DEVELOPMENT_ASSET_PATHS = "\"CryptoWallet/Preview Content\"";
				ENABLE_PREVIEWS = YES;
				GENERATE_INFOPLIST_FILE = YES;
				INFOPLIST_KEY_UIApplicationSceneManifest_Generation = YES;
				INFOPLIST_KEY_UIApplicationSupportsIndirectInputEvents = YES;
				INFOPLIST_KEY_UILaunchScreen_Generation = YES;
				INFOPLIST_KEY_UISupportedInterfaceOrientations_iPad = "UIInterfaceOrientationPortrait UIInterfaceOrientationPortraitUpsideDown UIInterfaceOrientationLandscapeLeft UIInterfaceOrientationLandscapeRight";
				INFOPLIST_KEY_UISupportedInterfaceOrientations_iPhone = "UIInterfaceOrientationPortrait UIInterfaceOrientationLandscapeLeft UIInterfaceOrientationLandscapeRight";
				LD_RUNPATH_SEARCH_PATHS = (
					"$(inherited)",
					"@executable_path/Frameworks",
				);
				MARKETING_VERSION = 1.0;
				PRODUCT_BUNDLE_IDENTIFIER = com.williambrand.CryptoWallet;
				PRODUCT_NAME = "$(TARGET_NAME)";
				SWIFT_EMIT_LOC_STRINGS = YES;
				SWIFT_VERSION = 5.0;
				TARGETED_DEVICE_FAMILY = "1,2";
			};
			name = Release;
		};
/* End XCBuildConfiguration section */

/* Begin XCConfigurationList section */
		34AFDAC42A2F5860000E8FA7 /* Build configuration list for PBXProject "CryptoWallet" */ = {
			isa = XCConfigurationList;
			buildConfigurations = (
				34AFDAD52A2F5863000E8FA7 /* Debug */,
				34AFDAD62A2F5863000E8FA7 /* Release */,
			);
			defaultConfigurationIsVisible = 0;
			defaultConfigurationName = Release;
		};
		34AFDAD72A2F5863000E8FA7 /* Build configuration list for PBXNativeTarget "CryptoWallet" */ = {
			isa = XCConfigurationList;
			buildConfigurations = (
				34AFDAD82A2F5863000E8FA7 /* Debug */,
				34AFDAD92A2F5863000E8FA7 /* Release */,
			);
			defaultConfigurationIsVisible = 0;
			defaultConfigurationName = Release;
		};
/* End XCConfigurationList section */
	};
	rootObject = 34AFDAC12A2F5860000E8FA7 /* Project object */;
}
